{
  "requires": true,
  "lockfileVersion": 1,
  "dependencies": {
    "react-lib-adler32": {
      "version": "1.0.3",
      "resolved": "https://registry.npmjs.org/react-lib-adler32/-/react-lib-adler32-1.0.3.tgz",
      "integrity": "sha512-AqFqdt4cP0RPffHNjVHZ7tyIgnoSzNxgFhG8XKMXCtA1dZ72gTPO4iYFwWDKHqvE8sHS14rhltQTdbXU5G4BFA=="
    },
    "style-it": {
      "version": "2.1.4",
      "resolved": "https://registry.npmjs.org/style-it/-/style-it-2.1.4.tgz",
      "integrity": "sha512-9eoEdUGD68XjvW/+BWo5Ir7d5+cXChcQMAuYHmgrHImz/jIfabxNj4pc+6DxVhxHnW92+ZzMVVUuxs4iTOXjsQ==",
      "requires": {
        "react-lib-adler32": "^1.0.3"
      }
    }
  }
}
